
Microsoft Visual Studio Solution File, Format Version 12.00
# Visual Studio 15
VisualStudioVersion = 15.0.28307.329
MinimumVisualStudioVersion = 10.0.40219.1
Project("{FAE04EC0-301F-11D3-BF4B-00C04F79EFBC}") = "TestApplication1", "TestApplication1\TestApplication1.csproj", "{87B8A028-680F-4371-A0EF-A8E5AEDA21A6}"
EndProject
Project("{2150E333-8FDC-42A3-9474-1A3956D46DE8}") = "Solution Items", "Solution Items", "{839B1844-F0FA-44A6-BF93-D4AB0F7FDF1C}"
	ProjectSection(SolutionItems) = preProject
		TestApplication1\ReadMe.md = TestApplication1\ReadMe.md
	EndProjectSection
EndProject
Global
	GlobalSection(SolutionConfigurationPlatforms) = preSolution
		Debug|Any CPU = Debug|Any CPU
		Release|Any CPU = Release|Any CPU
	EndGlobalSection
	GlobalSection(ProjectConfigurationPlatforms) = postSolution
		{87B8A028-680F-4371-A0EF-A8E5AEDA21A6}.Debug|Any CPU.ActiveCfg = Debug|Any CPU
		{87B8A028-680F-4371-A0EF-A8E5AEDA21A6}.Debug|Any CPU.Build.0 = Debug|Any CPU
		{87B8A028-680F-4371-A0EF-A8E5AEDA21A6}.Release|Any CPU.ActiveCfg = Release|Any CPU
		{87B8A028-680F-4371-A0EF-A8E5AEDA21A6}.Release|Any CPU.Build.0 = Release|Any CPU
	EndGlobalSection
	GlobalSection(SolutionProperties) = preSolution
		HideSolutionNode = FALSE
	EndGlobalSection
	GlobalSection(ExtensibilityGlobals) = postSolution
		SolutionGuid = {3933A24F-C1FE-4CF1-962B-9BB2E4AB9570}
	EndGlobalSection
EndGlobal
